
Microsoft Visual Studio Solution File, Format Version 12.00
# Visual Studio Version 16
VisualStudioVersion = 16.0.31321.278
MinimumVisualStudioVersion = 10.0.40219.1
Project("{FAE04EC0-301F-11D3-BF4B-00C04F79EFBC}") = "Library TPL", "Library TPL\Library TPL.csproj", "{88DC07D1-E2B0-4AA1-B0B9-525F25B515F7}"
EndProject
Global
	GlobalSection(SolutionConfigurationPlatforms) = preSolution
		Debug|Any CPU = Debug|Any CPU
		Release|Any CPU = Release|Any CPU
	EndGlobalSection
	GlobalSection(ProjectConfigurationPlatforms) = postSolution
		{88DC07D1-E2B0-4AA1-B0B9-525F25B515F7}.Debug|Any CPU.ActiveCfg = Debug|Any CPU
		{88DC07D1-E2B0-4AA1-B0B9-525F25B515F7}.Debug|Any CPU.Build.0 = Debug|Any CPU
		{88DC07D1-E2B0-4AA1-B0B9-525F25B515F7}.Release|Any CPU.ActiveCfg = Release|Any CPU
		{88DC07D1-E2B0-4AA1-B0B9-525F25B515F7}.Release|Any CPU.Build.0 = Release|Any CPU
	EndGlobalSection
	GlobalSection(SolutionProperties) = preSolution
		HideSolutionNode = FALSE
	EndGlobalSection
	GlobalSection(ExtensibilityGlobals) = postSolution
		SolutionGuid = {A2955C5B-ED27-4A8C-8645-83CDB76E7F8A}
	EndGlobalSection
EndGlobal
